// !$*UTF8*$!
{
	archiveVersion = 1;
	classes = {
	};
	objectVersion = 46;
	objects = {

/* Begin PBXBuildFile section */
		9D9981CC1F3AFFCC002A2C34 /* main.m in Sources */ = {isa = PBXBuildFile; fileRef = 9D9981CB1F3AFFCC002A2C34 /* main.m */; };
		9D9981CF1F3AFFCC002A2C34 /* AppDelegate.m in Sources */ = {isa = PBXBuildFile; fileRef = 9D9981CE1F3AFFCC002A2C34 /* AppDelegate.m */; };
		9D9981D21F3AFFCC002A2C34 /* ViewController.m in Sources */ = {isa = PBXBuildFile; fileRef = 9D9981D11F3AFFCC002A2C34 /* ViewController.m */; };
		9D9981D51F3AFFCC002A2C34 /* Main.storyboard in Resources */ = {isa = PBXBuildFile; fileRef = 9D9981D31F3AFFCC002A2C34 /* Main.storyboard */; };
		9D9981D71F3AFFCC002A2C34 /* Assets.xcassets in Resources */ = {isa = PBXBuildFile; fileRef = 9D9981D61F3AFFCC002A2C34 /* Assets.xcassets */; };
		9D9981DA1F3AFFCC002A2C34 /* LaunchScreen.storyboard in Resources */ = {isa = PBXBuildFile; fileRef = 9D9981D81F3AFFCC002A2C34 /* LaunchScreen.storyboard */; };
		9D9981E51F3AFFCC002A2C34 /* AJLocalCacheTests.m in Sources */ = {isa = PBXBuildFile; fileRef = 9D9981E41F3AFFCC002A2C34 /* AJLocalCacheTests.m */; };
		9D9981F01F3AFFCC002A2C34 /* AJLocalCacheUITests.m in Sources */ = {isa = PBXBuildFile; fileRef = 9D9981EF1F3AFFCC002A2C34 /* AJLocalCacheUITests.m */; };
/* End PBXBuildFile section */

/* Begin PBXContainerItemProxy section */
		9D9981E11F3AFFCC002A2C34 /* PBXContainerItemProxy */ = {
			isa = PBXContainerItemProxy;
			containerPortal = 9D9981BF1F3AFFCC002A2C34 /* Project object */;
			proxyType = 1;
			remoteGlobalIDString = 9D9981C61F3AFFCC002A2C34;
			remoteInfo = AJLocalCache;
		};
		9D9981EC1F3AFFCC002A2C34 /* PBXContainerItemProxy */ = {
			isa = PBXContainerItemProxy;
			containerPortal = 9D9981BF1F3AFFCC002A2C34 /* Project object */;
			proxyType = 1;
			remoteGlobalIDString = 9D9981C61F3AFFCC002A2C34;
			remoteInfo = AJLocalCache;
		};
/* End PBXContainerItemProxy section */

/* Begin PBXFileReference section */
		9D9981C71F3AFFCC002A2C34 /* AJLocalCache.app */ = {isa = PBXFileReference; explicitFileType = wrapper.application; includeInIndex = 0; path = AJLocalCache.app; sourceTree = BUILT_PRODUCTS_DIR; };
		9D9981CB1F3AFFCC002A2C34 /* main.m */ = {isa = PBXFileReference; lastKnownFileType = sourcecode.c.objc; path = main.m; sourceTree = "<group>"; };
		9D9981CD1F3AFFCC002A2C34 /* AppDelegate.h */ = {isa = PBXFileReference; lastKnownFileType = sourcecode.c.h; path = AppDelegate.h; sourceTree = "<group>"; };
		9D9981CE1F3AFFCC002A2C34 /* AppDelegate.m */ = {isa = PBXFileReference; lastKnownFileType = sourcecode.c.objc; path = AppDelegate.m; sourceTree = "<group>"; };
		9D9981D01F3AFFCC002A2C34 /* ViewController.h */ = {isa = PBXFileReference; lastKnownFileType = sourcecode.c.h; path = ViewController.h; sourceTree = "<group>"; };
		9D9981D11F3AFFCC002A2C34 /* ViewController.m */ = {isa = PBXFileReference; lastKnownFileType = sourcecode.c.objc; path = ViewController.m; sourceTree = "<group>"; };
		9D9981D41F3AFFCC002A2C34 /* Base */ = {isa = PBXFileReference; lastKnownFileType = file.storyboard; name = Base; path = Base.lproj/Main.storyboard; sourceTree = "<group>"; };
		9D9981D61F3AFFCC002A2C34 /* Assets.xcassets */ = {isa = PBXFileReference; lastKnownFileType = folder.assetcatalog; path = Assets.xcassets; sourceTree = "<group>"; };
		9D9981D91F3AFFCC002A2C34 /* Base */ = {isa = PBXFileReference; lastKnownFileType = file.storyboard; name = Base; path = Base.lproj/LaunchScreen.storyboard; sourceTree = "<group>"; };
		9D9981DB1F3AFFCC002A2C34 /* Info.plist */ = {isa = PBXFileReference; lastKnownFileType = text.plist.xml; path = Info.plist; sourceTree = "<group>"; };
		9D9981E01F3AFFCC002A2C34 /* AJLocalCacheTests.xctest */ = {isa = PBXFileReference; explicitFileType = wrapper.cfbundle; includeInIndex = 0; path = AJLocalCacheTests.xctest; sourceTree = BUILT_PRODUCTS_DIR; };
		9D9981E41F3AFFCC002A2C34 /* AJLocalCacheTests.m */ = {isa = PBXFileReference; lastKnownFileType = sourcecode.c.objc; path = AJLocalCacheTests.m; sourceTree = "<group>"; };
		9D9981E61F3AFFCC002A2C34 /* Info.plist */ = {isa = PBXFileReference; lastKnownFileType = text.plist.xml; path = Info.plist; sourceTree = "<group>"; };
		9D9981EB1F3AFFCC002A2C34 /* AJLocalCacheUITests.xctest */ = {isa = PBXFileReference; explicitFileType = wrapper.cfbundle; includeInIndex = 0; path = AJLocalCacheUITests.xctest; sourceTree = BUILT_PRODUCTS_DIR; };
		9D9981EF1F3AFFCC002A2C34 /* AJLocalCacheUITests.m */ = {isa = PBXFileReference; lastKnownFileType = sourcecode.c.objc; path = AJLocalCacheUITests.m; sourceTree = "<group>"; };
		9D9981F11F3AFFCC002A2C34 /* Info.plist */ = {isa = PBXFileReference; lastKnownFileType = text.plist.xml; path = Info.plist; sourceTree = "<group>"; };
/* End PBXFileReference section */

/* Begin PBXFrameworksBuildPhase section */
		9D9981C41F3AFFCC002A2C34 /* Frameworks */ = {
			isa = PBXFrameworksBuildPhase;
			buildActionMask = 2147483647;
			files = (
			);
			runOnlyForDeploymentPostprocessing = 0;
		};
		9D9981DD1F3AFFCC002A2C34 /* Frameworks */ = {
			isa = PBXFrameworksBuildPhase;
			buildActionMask = 2147483647;
			files = (
			);
			runOnlyForDeploymentPostprocessing = 0;
		};
		9D9981E81F3AFFCC002A2C34 /* Frameworks */ = {
			isa = PBXFrameworksBuildPhase;
			buildActionMask = 2147483647;
			files = (
			);
			runOnlyForDeploymentPostprocessing = 0;
		};
/* End PBXFrameworksBuildPhase section */

/* Begin PBXGroup section */
		9D9981BE1F3AFFCC002A2C34 = {
			isa = PBXGroup;
			children = (
				9D9981C91F3AFFCC002A2C34 /* AJLocalCache */,
				9D9981E31F3AFFCC002A2C34 /* AJLocalCacheTests */,
				9D9981EE1F3AFFCC002A2C34 /* AJLocalCacheUITests */,
				9D9981C81F3AFFCC002A2C34 /* Products */,
			);
			sourceTree = "<group>";
		};
		9D9981C81F3AFFCC002A2C34 /* Products */ = {
			isa = PBXGroup;
			children = (
				9D9981C71F3AFFCC002A2C34 /* AJLocalCache.app */,
				9D9981E01F3AFFCC002A2C34 /* AJLocalCacheTests.xctest */,
				9D9981EB1F3AFFCC002A2C34 /* AJLocalCacheUITests.xctest */,
			);
			name = Products;
			sourceTree = "<group>";
		};
		9D9981C91F3AFFCC002A2C34 /* AJLocalCache */ = {
			isa = PBXGroup;
			children = (
				9D9981CD1F3AFFCC002A2C34 /* AppDelegate.h */,
				9D9981CE1F3AFFCC002A2C34 /* AppDelegate.m */,
				9D9981D01F3AFFCC002A2C34 /* ViewController.h */,
				9D9981D11F3AFFCC002A2C34 /* ViewController.m */,
				9D9981D31F3AFFCC002A2C34 /* Main.storyboard */,
				9D9981D61F3AFFCC002A2C34 /* Assets.xcassets */,
				9D9981D81F3AFFCC002A2C34 /* LaunchScreen.storyboard */,
				9D9981DB1F3AFFCC002A2C34 /* Info.plist */,
				9D9981CA1F3AFFCC002A2C34 /* Supporting Files */,
			);
			path = AJLocalCache;
			sourceTree = "<group>";
		};
		9D9981CA1F3AFFCC002A2C34 /* Supporting Files */ = {
			isa = PBXGroup;
			children = (
				9D9981CB1F3AFFCC002A2C34 /* main.m */,
			);
			name = "Supporting Files";
			sourceTree = "<group>";
		};
		9D9981E31F3AFFCC002A2C34 /* AJLocalCacheTests */ = {
			isa = PBXGroup;
			children = (
				9D9981E41F3AFFCC002A2C34 /* AJLocalCacheTests.m */,
				9D9981E61F3AFFCC002A2C34 /* Info.plist */,
			);
			path = AJLocalCacheTests;
			sourceTree = "<group>";
		};
		9D9981EE1F3AFFCC002A2C34 /* AJLocalCacheUITests */ = {
			isa = PBXGroup;
			children = (
				9D9981EF1F3AFFCC002A2C34 /* AJLocalCacheUITests.m */,
				9D9981F11F3AFFCC002A2C34 /* Info.plist */,
			);
			path = AJLocalCacheUITests;
			sourceTree = "<group>";
		};
/* End PBXGroup section */

/* Begin PBXNativeTarget section */
		9D9981C61F3AFFCC002A2C34 /* AJLocalCache */ = {
			isa = PBXNativeTarget;
			buildConfigurationList = 9D9981F41F3AFFCC002A2C34 /* Build configuration list for PBXNativeTarget "AJLocalCache" */;
			buildPhases = (
				9D9981C31F3AFFCC002A2C34 /* Sources */,
				9D9981C41F3AFFCC002A2C34 /* Frameworks */,
				9D9981C51F3AFFCC002A2C34 /* Resources */,
			);
			buildRules = (
			);
			dependencies = (
			);
			name = AJLocalCache;
			productName = AJLocalCache;
			productReference = 9D9981C71F3AFFCC002A2C34 /* AJLocalCache.app */;
			productType = "com.apple.product-type.application";
		};
		9D9981DF1F3AFFCC002A2C34 /* AJLocalCacheTests */ = {
			isa = PBXNativeTarget;
			buildConfigurationList = 9D9981F71F3AFFCC002A2C34 /* Build configuration list for PBXNativeTarget "AJLocalCacheTests" */;
			buildPhases = (
				9D9981DC1F3AFFCC002A2C34 /* Sources */,
				9D9981DD1F3AFFCC002A2C34 /* Frameworks */,
				9D9981DE1F3AFFCC002A2C34 /* Resources */,
			);
			buildRules = (
			);
			dependencies = (
				9D9981E21F3AFFCC002A2C34 /* PBXTargetDependency */,
			);
			name = AJLocalCacheTests;
			productName = AJLocalCacheTests;
			productReference = 9D9981E01F3AFFCC002A2C34 /* AJLocalCacheTests.xctest */;
			productType = "com.apple.product-type.bundle.unit-test";
		};
		9D9981EA1F3AFFCC002A2C34 /* AJLocalCacheUITests */ = {
			isa = PBXNativeTarget;
			buildConfigurationList = 9D9981FA1F3AFFCC002A2C34 /* Build configuration list for PBXNativeTarget "AJLocalCacheUITests" */;
			buildPhases = (
				9D9981E71F3AFFCC002A2C34 /* Sources */,
				9D9981E81F3AFFCC002A2C34 /* Frameworks */,
				9D9981E91F3AFFCC002A2C34 /* Resources */,
			);
			buildRules = (
			);
			dependencies = (
				9D9981ED1F3AFFCC002A2C34 /* PBXTargetDependency */,
			);
			name = AJLocalCacheUITests;
			productName = AJLocalCacheUITests;
			productReference = 9D9981EB1F3AFFCC002A2C34 /* AJLocalCacheUITests.xctest */;
			productType = "com.apple.product-type.bundle.ui-testing";
		};
/* End PBXNativeTarget section */

/* Begin PBXProject section */
		9D9981BF1F3AFFCC002A2C34 /* Project object */ = {
			isa = PBXProject;
			attributes = {
				LastUpgradeCheck = 0830;
				ORGANIZATIONNAME = AJ;
				TargetAttributes = {
					9D9981C61F3AFFCC002A2C34 = {
						CreatedOnToolsVersion = 8.3.2;
						DevelopmentTeam = M953KLT6PD;
						ProvisioningStyle = Automatic;
					};
					9D9981DF1F3AFFCC002A2C34 = {
						CreatedOnToolsVersion = 8.3.2;
						DevelopmentTeam = M953KLT6PD;
						ProvisioningStyle = Automatic;
						TestTargetID = 9D9981C61F3AFFCC002A2C34;
					};
					9D9981EA1F3AFFCC002A2C34 = {
						CreatedOnToolsVersion = 8.3.2;
						DevelopmentTeam = M953KLT6PD;
						ProvisioningStyle = Automatic;
						TestTargetID = 9D9981C61F3AFFCC002A2C34;
					};
				};
			};
			buildConfigurationList = 9D9981C21F3AFFCC002A2C34 /* Build configuration list for PBXProject "AJLocalCache" */;
			compatibilityVersion = "Xcode 3.2";
			developmentRegion = English;
			hasScannedForEncodings = 0;
			knownRegions = (
				en,
				Base,
			);
			mainGroup = 9D9981BE1F3AFFCC002A2C34;
			productRefGroup = 9D9981C81F3AFFCC002A2C34 /* Products */;
			projectDirPath = "";
			projectRoot = "";
			targets = (
				9D9981C61F3AFFCC002A2C34 /* AJLocalCache */,
				9D9981DF1F3AFFCC002A2C34 /* AJLocalCacheTests */,
				9D9981EA1F3AFFCC002A2C34 /* AJLocalCacheUITests */,
			);
		};
/* End PBXProject section */

/* Begin PBXResourcesBuildPhase section */
		9D9981C51F3AFFCC002A2C34 /* Resources */ = {
			isa = PBXResourcesBuildPhase;
			buildActionMask = 2147483647;
			files = (
				9D9981DA1F3AFFCC002A2C34 /* LaunchScreen.storyboard in Resources */,
				9D9981D71F3AFFCC002A2C34 /* Assets.xcassets in Resources */,
				9D9981D51F3AFFCC002A2C34 /* Main.storyboard in Resources */,
			);
			runOnlyForDeploymentPostprocessing = 0;
		};
		9D9981DE1F3AFFCC002A2C34 /* Resources */ = {
			isa = PBXResourcesBuildPhase;
			buildActionMask = 2147483647;
			files = (
			);
			runOnlyForDeploymentPostprocessing = 0;
		};
		9D9981E91F3AFFCC002A2C34 /* Resources */ = {
			isa = PBXResourcesBuildPhase;
			buildActionMask = 2147483647;
			files = (
			);
			runOnlyForDeploymentPostprocessing = 0;
		};
/* End PBXResourcesBuildPhase section */

/* Begin PBXSourcesBuildPhase section */
		9D9981C31F3AFFCC002A2C34 /* Sources */ = {
			isa = PBXSourcesBuildPhase;
			buildActionMask = 2147483647;
			files = (
				9D9981D21F3AFFCC002A2C34 /* ViewController.m in Sources */,
				9D9981CF1F3AFFCC002A2C34 /* AppDelegate.m in Sources */,
				9D9981CC1F3AFFCC002A2C34 /* main.m in Sources */,
			);
			runOnlyForDeploymentPostprocessing = 0;
		};
		9D9981DC1F3AFFCC002A2C34 /* Sources */ = {
			isa = PBXSourcesBuildPhase;
			buildActionMask = 2147483647;
			files = (
				9D9981E51F3AFFCC002A2C34 /* AJLocalCacheTests.m in Sources */,
			);
			runOnlyForDeploymentPostprocessing = 0;
		};
		9D9981E71F3AFFCC002A2C34 /* Sources */ = {
			isa = PBXSourcesBuildPhase;
			buildActionMask = 2147483647;
			files = (
				9D9981F01F3AFFCC002A2C34 /* AJLocalCacheUITests.m in Sources */,
			);
			runOnlyForDeploymentPostprocessing = 0;
		};
/* End PBXSourcesBuildPhase section */

/* Begin PBXTargetDependency section */
		9D9981E21F3AFFCC002A2C34 /* PBXTargetDependency */ = {
			isa = PBXTargetDependency;
			target = 9D9981C61F3AFFCC002A2C34 /* AJLocalCache */;
			targetProxy = 9D9981E11F3AFFCC002A2C34 /* PBXContainerItemProxy */;
		};
		9D9981ED1F3AFFCC002A2C34 /* PBXTargetDependency */ = {
			isa = PBXTargetDependency;
			target = 9D9981C61F3AFFCC002A2C34 /* AJLocalCache */;
			targetProxy = 9D9981EC1F3AFFCC002A2C34 /* PBXContainerItemProxy */;
		};
/* End PBXTargetDependency section */

/* Begin PBXVariantGroup section */
		9D9981D31F3AFFCC002A2C34 /* Main.storyboard */ = {
			isa = PBXVariantGroup;
			children = (
				9D9981D41F3AFFCC002A2C34 /* Base */,
			);
			name = Main.storyboard;
			sourceTree = "<group>";
		};
		9D9981D81F3AFFCC002A2C34 /* LaunchScreen.storyboard */ = {
			isa = PBXVariantGroup;
			children = (
				9D9981D91F3AFFCC002A2C34 /* Base */,
			);
			name = LaunchScreen.storyboard;
			sourceTree = "<group>";
		};
/* End PBXVariantGroup section */

/* Begin XCBuildConfiguration section */
		9D9981F21F3AFFCC002A2C34 /* Debug */ = {
			isa = XCBuildConfiguration;
			buildSettings = {
				ALWAYS_SEARCH_USER_PATHS = NO;
				CLANG_ANALYZER_NONNULL = YES;
				CLANG_ANALYZER_NUMBER_OBJECT_CONVERSION = YES_AGGRESSIVE;
				CLANG_CXX_LANGUAGE_STANDARD = "gnu++0x";
				CLANG_CXX_LIBRARY = "libc++";
				CLANG_ENABLE_MODULES = YES;
				CLANG_ENABLE_OBJC_ARC = YES;
				CLANG_WARN_BOOL_CONVERSION = YES;
				CLANG_WARN_CONSTANT_CONVERSION = YES;
				CLANG_WARN_DIRECT_OBJC_ISA_USAGE = YES_ERROR;
				CLANG_WARN_DOCUMENTATION_COMMENTS = YES;
				CLANG_WARN_EMPTY_BODY = YES;
				CLANG_WARN_ENUM_CONVERSION = YES;
				CLANG_WARN_INFINITE_RECURSION = YES;
				CLANG_WARN_INT_CONVERSION = YES;
				CLANG_WARN_OBJC_ROOT_CLASS = YES_ERROR;
				CLANG_WARN_SUSPICIOUS_MOVE = YES;
				CLANG_WARN_UNREACHABLE_CODE = YES;
				CLANG_WARN__DUPLICATE_METHOD_MATCH = YES;
				"CODE_SIGN_IDENTITY[sdk=iphoneos*]" = "iPhone Developer";
				COPY_PHASE_STRIP = NO;
				DEBUG_INFORMATION_FORMAT = dwarf;
				ENABLE_STRICT_OBJC_MSGSEND = YES;
				ENABLE_TESTABILITY = YES;
				GCC_C_LANGUAGE_STANDARD = gnu99;
				GCC_DYNAMIC_NO_PIC = NO;
				GCC_NO_COMMON_BLOCKS = YES;
				GCC_OPTIMIZATION_LEVEL = 0;
				GCC_PREPROCESSOR_DEFINITIONS = (
					"DEBUG=1",
					"$(inherited)",
				);
				GCC_WARN_64_TO_32_BIT_CONVERSION = YES;
				GCC_WARN_ABOUT_RETURN_TYPE = YES_ERROR;
				GCC_WARN_UNDECLARED_SELECTOR = YES;
				GCC_WARN_UNINITIALIZED_AUTOS = YES_AGGRESSIVE;
				GCC_WARN_UNUSED_FUNCTION = YES;
				GCC_WARN_UNUSED_VARIABLE = YES;
				IPHONEOS_DEPLOYMENT_TARGET = 10.3;
				MTL_ENABLE_DEBUG_INFO = YES;
				ONLY_ACTIVE_ARCH = YES;
				SDKROOT = iphoneos;
			};
			name = Debug;
		};
		9D9981F31F3AFFCC002A2C34 /* Release */ = {
			isa = XCBuildConfiguration;
			buildSettings = {
				ALWAYS_SEARCH_USER_PATHS = NO;
				CLANG_ANALYZER_NONNULL = YES;
				CLANG_ANALYZER_NUMBER_OBJECT_CONVERSION = YES_AGGRESSIVE;
				CLANG_CXX_LANGUAGE_STANDARD = "gnu++0x";
				CLANG_CXX_LIBRARY = "libc++";
				CLANG_ENABLE_MODULES = YES;
				CLANG_ENABLE_OBJC_ARC = YES;
				CLANG_WARN_BOOL_CONVERSION = YES;
				CLANG_WARN_CONSTANT_CONVERSION = YES;
				CLANG_WARN_DIRECT_OBJC_ISA_USAGE = YES_ERROR;
				CLANG_WARN_DOCUMENTATION_COMMENTS = YES;
				CLANG_WARN_EMPTY_BODY = YES;
				CLANG_WARN_ENUM_CONVERSION = YES;
				CLANG_WARN_INFINITE_RECURSION = YES;
				CLANG_WARN_INT_CONVERSION = YES;
				CLANG_WARN_OBJC_ROOT_CLASS = YES_ERROR;
				CLANG_WARN_SUSPICIOUS_MOVE = YES;
				CLANG_WARN_UNREACHABLE_CODE = YES;
				CLANG_WARN__DUPLICATE_METHOD_MATCH = YES;
				"CODE_SIGN_IDENTITY[sdk=iphoneos*]" = "iPhone Developer";
				COPY_PHASE_STRIP = NO;
				DEBUG_INFORMATION_FORMAT = "dwarf-with-dsym";
				ENABLE_NS_ASSERTIONS = NO;
				ENABLE_STRICT_OBJC_MSGSEND = YES;
				GCC_C_LANGUAGE_STANDARD = gnu99;
				GCC_NO_COMMON_BLOCKS = YES;
				GCC_WARN_64_TO_32_BIT_CONVERSION = YES;
				GCC_WARN_ABOUT_RETURN_TYPE = YES_ERROR;
				GCC_WARN_UNDECLARED_SELECTOR = YES;
				GCC_WARN_UNINITIALIZED_AUTOS = YES_AGGRESSIVE;
				GCC_WARN_UNUSED_FUNCTION = YES;
				GCC_WARN_UNUSED_VARIABLE = YES;
				IPHONEOS_DEPLOYMENT_TARGET = 10.3;
				MTL_ENABLE_DEBUG_INFO = NO;
				SDKROOT = iphoneos;
				VALIDATE_PRODUCT = YES;
			};
			name = Release;
		};
		9D9981F51F3AFFCC002A2C34 /* Debug */ = {
			isa = XCBuildConfiguration;
			buildSettings = {
				ASSETCATALOG_COMPILER_APPICON_NAME = AppIcon;
				DEVELOPMENT_TEAM = M953KLT6PD;
				INFOPLIST_FILE = AJLocalCache/Info.plist;
				LD_RUNPATH_SEARCH_PATHS = "$(inherited) @executable_path/Frameworks";
				PRODUCT_BUNDLE_IDENTIFIER = com.AJLocalCache;
				PRODUCT_NAME = "$(TARGET_NAME)";
			};
			name = Debug;
		};
		9D9981F61F3AFFCC002A2C34 /* Release */ = {
			isa = XCBuildConfiguration;
			buildSettings = {
				ASSETCATALOG_COMPILER_APPICON_NAME = AppIcon;
				DEVELOPMENT_TEAM = M953KLT6PD;
				INFOPLIST_FILE = AJLocalCache/Info.plist;
				LD_RUNPATH_SEARCH_PATHS = "$(inherited) @executable_path/Frameworks";
				PRODUCT_BUNDLE_IDENTIFIER = com.AJLocalCache;
				PRODUCT_NAME = "$(TARGET_NAME)";
			};
			name = Release;
		};
		9D9981F81F3AFFCC002A2C34 /* Debug */ = {
			isa = XCBuildConfiguration;
			buildSettings = {
				BUNDLE_LOADER = "$(TEST_HOST)";
				DEVELOPMENT_TEAM = M953KLT6PD;
				INFOPLIST_FILE = AJLocalCacheTests/Info.plist;
				LD_RUNPATH_SEARCH_PATHS = "$(inherited) @executable_path/Frameworks @loader_path/Frameworks";
				PRODUCT_BUNDLE_IDENTIFIER = com.AJLocalCacheTests;
				PRODUCT_NAME = "$(TARGET_NAME)";
				TEST_HOST = "$(BUILT_PRODUCTS_DIR)/AJLocalCache.app/AJLocalCache";
			};
			name = Debug;
		};
		9D9981F91F3AFFCC002A2C34 /* Release */ = {
			isa = XCBuildConfiguration;
			buildSettings = {
				BUNDLE_LOADER = "$(TEST_HOST)";
				DEVELOPMENT_TEAM = M953KLT6PD;
				INFOPLIST_FILE = AJLocalCacheTests/Info.plist;
				LD_RUNPATH_SEARCH_PATHS = "$(inherited) @executable_path/Frameworks @loader_path/Frameworks";
				PRODUCT_BUNDLE_IDENTIFIER = com.AJLocalCacheTests;
				PRODUCT_NAME = "$(TARGET_NAME)";
				TEST_HOST = "$(BUILT_PRODUCTS_DIR)/AJLocalCache.app/AJLocalCache";
			};
			name = Release;
		};
		9D9981FB1F3AFFCC002A2C34 /* Debug */ = {
			isa = XCBuildConfiguration;
			buildSettings = {
				DEVELOPMENT_TEAM = M953KLT6PD;
				INFOPLIST_FILE = AJLocalCacheUITests/Info.plist;
				LD_RUNPATH_SEARCH_PATHS = "$(inherited) @executable_path/Frameworks @loader_path/Frameworks";
				PRODUCT_BUNDLE_IDENTIFIER = com.AJLocalCacheUITests;
				PRODUCT_NAME = "$(TARGET_NAME)";
				TEST_TARGET_NAME = AJLocalCache;
			};
			name = Debug;
		};
		9D9981FC1F3AFFCC002A2C34 /* Release */ = {
			isa = XCBuildConfiguration;
			buildSettings = {
				DEVELOPMENT_TEAM = M953KLT6PD;
				INFOPLIST_FILE = AJLocalCacheUITests/Info.plist;
				LD_RUNPATH_SEARCH_PATHS = "$(inherited) @executable_path/Frameworks @loader_path/Frameworks";
				PRODUCT_BUNDLE_IDENTIFIER = com.AJLocalCacheUITests;
				PRODUCT_NAME = "$(TARGET_NAME)";
				TEST_TARGET_NAME = AJLocalCache;
			};
			name = Release;
		};
/* End XCBuildConfiguration section */

/* Begin XCConfigurationList section */
		9D9981C21F3AFFCC002A2C34 /* Build configuration list for PBXProject "AJLocalCache" */ = {
			isa = XCConfigurationList;
			buildConfigurations = (
				9D9981F21F3AFFCC002A2C34 /* Debug */,
				9D9981F31F3AFFCC002A2C34 /* Release */,
			);
			defaultConfigurationIsVisible = 0;
			defaultConfigurationName = Release;
		};
		9D9981F41F3AFFCC002A2C34 /* Build configuration list for PBXNativeTarget "AJLocalCache" */ = {
			isa = XCConfigurationList;
			buildConfigurations = (
				9D9981F51F3AFFCC002A2C34 /* Debug */,
				9D9981F61F3AFFCC002A2C34 /* Release */,
			);
			defaultConfigurationIsVisible = 0;
		};
		9D9981F71F3AFFCC002A2C34 /* Build configuration list for PBXNativeTarget "AJLocalCacheTests" */ = {
			isa = XCConfigurationList;
			buildConfigurations = (
				9D9981F81F3AFFCC002A2C34 /* Debug */,
				9D9981F91F3AFFCC002A2C34 /* Release */,
			);
			defaultConfigurationIsVisible = 0;
		};
		9D9981FA1F3AFFCC002A2C34 /* Build configuration list for PBXNativeTarget "AJLocalCacheUITests" */ = {
			isa = XCConfigurationList;
			buildConfigurations = (
				9D9981FB1F3AFFCC002A2C34 /* Debug */,
				9D9981FC1F3AFFCC002A2C34 /* Release */,
			);
			defaultConfigurationIsVisible = 0;
		};
/* End XCConfigurationList section */
	};
	rootObject = 9D9981BF1F3AFFCC002A2C34 /* Project object */;
}
